
Microsoft Visual Studio Solution File, Format Version 12.00
# Visual Studio 15
VisualStudioVersion = 15.0.28010.2036
MinimumVisualStudioVersion = 10.0.40219.1
Project("{FAE04EC0-301F-11D3-BF4B-00C04F79EFBC}") = "exam", "exam\exam.csproj", "{F83DDAA6-F80D-4235-9C2E-97EDB7FDF13A}"
EndProject
Global
	GlobalSection(SolutionConfigurationPlatforms) = preSolution
		Debug|Any CPU = Debug|Any CPU
		Release|Any CPU = Release|Any CPU
	EndGlobalSection
	GlobalSection(ProjectConfigurationPlatforms) = postSolution
		{F83DDAA6-F80D-4235-9C2E-97EDB7FDF13A}.Debug|Any CPU.ActiveCfg = Debug|Any CPU
		{F83DDAA6-F80D-4235-9C2E-97EDB7FDF13A}.Debug|Any CPU.Build.0 = Debug|Any CPU
		{F83DDAA6-F80D-4235-9C2E-97EDB7FDF13A}.Release|Any CPU.ActiveCfg = Release|Any CPU
		{F83DDAA6-F80D-4235-9C2E-97EDB7FDF13A}.Release|Any CPU.Build.0 = Release|Any CPU
	EndGlobalSection
	GlobalSection(SolutionProperties) = preSolution
		HideSolutionNode = FALSE
	EndGlobalSection
	GlobalSection(ExtensibilityGlobals) = postSolution
		SolutionGuid = {53AF0E30-BF81-4593-AA17-9A1940D72716}
	EndGlobalSection
EndGlobal
